
Microsoft Visual Studio Solution File, Format Version 12.00
# Visual Studio 2013
VisualStudioVersion = 12.0.30501.0
MinimumVisualStudioVersion = 10.0.40219.1
Project("{FAE04EC0-301F-11D3-BF4B-00C04F79EFBC}") = "api", "api\api.csproj", "{DB2B2B24-AF64-4ADF-AFA2-3916ED156ACE}"
EndProject
Project("{FAE04EC0-301F-11D3-BF4B-00C04F79EFBC}") = "BuildTools", "BuildTools\BuildTools.csproj", "{A4C06D61-05C0-471A-938F-CAF5C744CBB6}"
EndProject
Global
	GlobalSection(SolutionConfigurationPlatforms) = preSolution
		Build|Any CPU = Build|Any CPU
		Debug|Any CPU = Debug|Any CPU
		Release|Any CPU = Release|Any CPU
	EndGlobalSection
	GlobalSection(ProjectConfigurationPlatforms) = postSolution
		{DB2B2B24-AF64-4ADF-AFA2-3916ED156ACE}.Build|Any CPU.ActiveCfg = Build|Any CPU
		{DB2B2B24-AF64-4ADF-AFA2-3916ED156ACE}.Build|Any CPU.Build.0 = Build|Any CPU
		{DB2B2B24-AF64-4ADF-AFA2-3916ED156ACE}.Debug|Any CPU.ActiveCfg = Debug|Any CPU
		{DB2B2B24-AF64-4ADF-AFA2-3916ED156ACE}.Debug|Any CPU.Build.0 = Debug|Any CPU
		{DB2B2B24-AF64-4ADF-AFA2-3916ED156ACE}.Release|Any CPU.ActiveCfg = Release|Any CPU
		{DB2B2B24-AF64-4ADF-AFA2-3916ED156ACE}.Release|Any CPU.Build.0 = Release|Any CPU
		{A4C06D61-05C0-471A-938F-CAF5C744CBB6}.Build|Any CPU.ActiveCfg = Build|Any CPU
		{A4C06D61-05C0-471A-938F-CAF5C744CBB6}.Build|Any CPU.Build.0 = Build|Any CPU
		{A4C06D61-05C0-471A-938F-CAF5C744CBB6}.Debug|Any CPU.ActiveCfg = Debug|Any CPU
		{A4C06D61-05C0-471A-938F-CAF5C744CBB6}.Debug|Any CPU.Build.0 = Debug|Any CPU
		{A4C06D61-05C0-471A-938F-CAF5C744CBB6}.Release|Any CPU.ActiveCfg = Release|Any CPU
		{A4C06D61-05C0-471A-938F-CAF5C744CBB6}.Release|Any CPU.Build.0 = Release|Any CPU
	EndGlobalSection
	GlobalSection(SolutionProperties) = preSolution
		HideSolutionNode = FALSE
	EndGlobalSection
EndGlobal
